
Microsoft Visual Studio Solution File, Format Version 10.00
# Visual Studio 2008
Project("{8BC9CEB8-8B4A-11D0-8D11-00A0C91BC942}") = "NMEA_Parser", "NMEA_Parser\NMEA_Parser.vcproj", "{D68E010F-79E2-4872-B588-40CF76084FBC}"
EndProject
Global
	GlobalSection(SolutionConfigurationPlatforms) = preSolution
		Debug|Win32 = Debug|Win32
		Release|Win32 = Release|Win32
	EndGlobalSection
	GlobalSection(ProjectConfigurationPlatforms) = postSolution
		{D68E010F-79E2-4872-B588-40CF76084FBC}.Debug|Win32.ActiveCfg = Debug|Win32
		{D68E010F-79E2-4872-B588-40CF76084FBC}.Debug|Win32.Build.0 = Debug|Win32
		{D68E010F-79E2-4872-B588-40CF76084FBC}.Release|Win32.ActiveCfg = Release|Win32
		{D68E010F-79E2-4872-B588-40CF76084FBC}.Release|Win32.Build.0 = Release|Win32
	EndGlobalSection
	GlobalSection(SolutionProperties) = preSolution
		HideSolutionNode = FALSE
	EndGlobalSection
EndGlobal
